
Microsoft Visual Studio Solution File, Format Version 12.00
# Visual Studio 15
VisualStudioVersion = 15.0.27703.2000
MinimumVisualStudioVersion = 10.0.40219.1
Project("{FAE04EC0-301F-11D3-BF4B-00C04F79EFBC}") = "PushAndPop", "PushAndPop\PushAndPop.csproj", "{34296D51-15FB-4989-A1A3-FA2639FEDD1B}"
EndProject
Project("{FAE04EC0-301F-11D3-BF4B-00C04F79EFBC}") = "GameLib", "GameLib\GameLib.csproj", "{65B4D0D4-0B4B-4299-A96D-4A86C9E0A797}"
EndProject
Global
	GlobalSection(SolutionConfigurationPlatforms) = preSolution
		Debug|Any CPU = Debug|Any CPU
		Release|Any CPU = Release|Any CPU
	EndGlobalSection
	GlobalSection(ProjectConfigurationPlatforms) = postSolution
		{34296D51-15FB-4989-A1A3-FA2639FEDD1B}.Debug|Any CPU.ActiveCfg = Debug|Any CPU
		{34296D51-15FB-4989-A1A3-FA2639FEDD1B}.Debug|Any CPU.Build.0 = Debug|Any CPU
		{34296D51-15FB-4989-A1A3-FA2639FEDD1B}.Release|Any CPU.ActiveCfg = Release|Any CPU
		{34296D51-15FB-4989-A1A3-FA2639FEDD1B}.Release|Any CPU.Build.0 = Release|Any CPU
		{65B4D0D4-0B4B-4299-A96D-4A86C9E0A797}.Debug|Any CPU.ActiveCfg = Debug|Any CPU
		{65B4D0D4-0B4B-4299-A96D-4A86C9E0A797}.Debug|Any CPU.Build.0 = Debug|Any CPU
		{65B4D0D4-0B4B-4299-A96D-4A86C9E0A797}.Release|Any CPU.ActiveCfg = Release|Any CPU
		{65B4D0D4-0B4B-4299-A96D-4A86C9E0A797}.Release|Any CPU.Build.0 = Release|Any CPU
	EndGlobalSection
	GlobalSection(SolutionProperties) = preSolution
		HideSolutionNode = FALSE
	EndGlobalSection
	GlobalSection(ExtensibilityGlobals) = postSolution
		SolutionGuid = {AA272299-D938-4EED-8264-ED799D3DDDBF}
	EndGlobalSection
EndGlobal
